{
  "name": "newwebsite",
  "version": "1.0.0",
  "lockfileVersion": 1,
  "requires": true,
  "dependencies": {
    "carousel": {
      "version": "0.0.3",
      "resolved": "https://registry.npmjs.org/carousel/-/carousel-0.0.3.tgz",
      "integrity": "sha1-+DylWDFlu5jxdMAeZ6G1S5AsyX8=",
      "requires": {
        "domready": "0.2.13"
      }
    },
    "domready": {
      "version": "0.2.13",
      "resolved": "https://registry.npmjs.org/domready/-/domready-0.2.13.tgz",
      "integrity": "sha1-Xsg0C17l92rXL9MgB8+104os02E="
    }
  }
}
